{
  "name": "my-service",
  "version": "1.0.0",
  "lockfileVersion": 1,
  "requires": true,
  "dependencies": {
    "address": {
      "version": "0.0.3",
      "resolved": "https://registry.npmjs.org/address/-/address-0.0.3.tgz",
      "integrity": "sha1-gcc0Rsj18IdY/17eXPq3Tk00jxY="
    },
    "algorithmjs": {
      "version": "1.0.0",
      "resolved": "https://registry.npmjs.org/algorithmjs/-/algorithmjs-1.0.0.tgz",
      "integrity": "sha1-WGpD6bXFBr/AQc3Uy3Mcegiv+eQ="
    },
    "async": {
      "version": "2.6.3",
      "resolved": "https://registry.npmjs.org/async/-/async-2.6.3.tgz",
      "integrity": "sha512-zflvls11DCy+dQWzTW2dzuilv8Z5X/pjfmZOWba6TNIVDm+2UDaJmXSOXlasHKfNBs8oo3M0aT50fDEWfKZjXg==",
      "requires": {
        "lodash": "^4.17.14"
      }
    },
    "core-util-is": {
      "version": "1.0.3",
      "resolved": "https://registry.npmjs.org/core-util-is/-/core-util-is-1.0.3.tgz",
      "integrity": "sha512-ZQBvi1DcpJ4GDqanjucZ2Hj3wEO5pZDS89BWbkcrvdxksJorwUDDZamX9ldFkp9aw2lmBDLgkObEA4DWNJ9FYQ=="
    },
    "debug": {
      "version": "1.0.5",
      "resolved": "https://registry.npmjs.org/debug/-/debug-1.0.5.tgz",
      "integrity": "sha1-9yQSF0MPmd7EwrRz6rkiKOh0wqw=",
      "requires": {
        "ms": "2.0.0"
      }
    },
    "debuglog": {
      "version": "0.0.2",
      "resolved": "https://registry.npmjs.org/debuglog/-/debuglog-0.0.2.tgz",
      "integrity": "sha1-bA3PB+LD90UkYpt0Fmi9RsezYus=",
      "optional": true
    },
    "eventproxy": {
      "version": "0.3.5",
      "resolved": "https://registry.npmjs.org/eventproxy/-/eventproxy-0.3.5.tgz",
      "integrity": "sha1-TbMpDcvFHPBny7Z1LjxAtdkXIS8=",
      "requires": {
        "debug": "2.2.0"
      },
      "dependencies": {
        "debug": {
          "version": "2.2.0",
          "resolved": "https://registry.npmjs.org/debug/-/debug-2.2.0.tgz",
          "integrity": "sha1-+HBX6ZWxofauaklgZkE3vFbwOdo=",
          "requires": {
            "ms": "0.7.1"
          }
        },
        "ms": {
          "version": "0.7.1",
          "resolved": "https://registry.npmjs.org/ms/-/ms-0.7.1.tgz",
          "integrity": "sha1-nNE8A62/8ltl7/3nzoZO6VIBcJg="
        }
      }
    },
    "hbase-client": {
      "version": "1.6.1",
      "resolved": "https://registry.npmjs.org/hbase-client/-/hbase-client-1.6.1.tgz",
      "integrity": "sha512-YxX5Gr6n+BJD2wG28BPbjMZCvMpTfpbTnO+LPG7hcPuqVNEHnzCFF/+UYdBVtp4cGTV9oQiNQjWzF415eFwsPA==",
      "requires": {
        "algorithmjs": "^1.0.0",
        "async": "^2.6.0",
        "debug": "~1.0.4",
        "eventproxy": "~0.3.1",
        "long": "~1.1.5",
        "readable-stream": "1.1.11",
        "utility": "~0.1.16",
        "zookeeper-watcher": "~0.2.0"
      }
    },
    "lodash": {
      "version": "4.17.21",
      "resolved": "https://registry.npmjs.org/lodash/-/lodash-4.17.21.tgz",
      "integrity": "sha512-v2kDEe57lecTulaDIuNTPy3Ry4gLGJ6Z1O3vE1krgXZNrsQ+LFTGHVxVjcXPs17LhbZVGedAJv8XZ1tvj5FvSg=="
    },
    "long": {
      "version": "1.1.5",
      "resolved": "https://registry.npmjs.org/long/-/long-1.1.5.tgz",
      "integrity": "sha1-tcLBCj2D7g7Aqv+z5OcR0B9gfpo="
    },
    "ms": {
      "version": "2.0.0",
      "resolved": "https://registry.npmjs.org/ms/-/ms-2.0.0.tgz",
      "integrity": "sha1-VgiurfwAvmwpAd9fmGF4jeDVl8g="
    },
    "node-zookeeper-client": {
      "version": "0.2.0",
      "resolved": "https://registry.npmjs.org/node-zookeeper-client/-/node-zookeeper-client-0.2.0.tgz",
      "integrity": "sha1-9ErSfPDVox/jxuvAs/D2P0cxWmI=",
      "requires": {
        "async": "~0.2.7",
        "underscore": "~1.4.4"
      },
      "dependencies": {
        "async": {
          "version": "0.2.10",
          "resolved": "https://registry.npmjs.org/async/-/async-0.2.10.tgz",
          "integrity": "sha1-trvgsGdLnXGXCMo43owjfLUmw9E="
        }
      }
    },
    "readable-stream": {
      "version": "1.1.11",
      "resolved": "https://registry.npmjs.org/readable-stream/-/readable-stream-1.1.11.tgz",
      "integrity": "sha1-dq4NiN8qw2xZ58IF4Mr8gcV7wH0=",
      "requires": {
        "core-util-is": "~1.0.0",
        "debuglog": "0.0.2",
        "string_decoder": "~0.10.x"
      }
    },
    "string_decoder": {
      "version": "0.10.31",
      "resolved": "https://registry.npmjs.org/string_decoder/-/string_decoder-0.10.31.tgz",
      "integrity": "sha1-YuIDvEF2bGwoyfyEMB2rHFMQ+pQ="
    },
    "underscore": {
      "version": "1.4.4",
      "resolved": "https://registry.npmjs.org/underscore/-/underscore-1.4.4.tgz",
      "integrity": "sha1-YaajIBBiKvoHljvzJSA88SI51gQ="
    },
    "utility": {
      "version": "0.1.16",
      "resolved": "https://registry.npmjs.org/utility/-/utility-0.1.16.tgz",
      "integrity": "sha1-13KIDKrYp9JupuI6x57ExYfIm6A=",
      "requires": {
        "address": "~0.0.3"
      }
    },
    "zookeeper-watcher": {
      "version": "0.2.3",
      "resolved": "https://registry.npmjs.org/zookeeper-watcher/-/zookeeper-watcher-0.2.3.tgz",
      "integrity": "sha1-gpxAUYnTLRPFWgpJ8j0yZXTw6kk=",
      "requires": {
        "debug": ">=0.7.2",
        "node-zookeeper-client": "0.2.0"
      }
    }
  }
}
